
Microsoft Visual Studio Solution File, Format Version 12.00
# Visual Studio 2012
Project("{FAE04EC0-301F-11D3-BF4B-00C04F79EFBC}") = "RollbarSharp", "RollbarSharp\RollbarSharp.csproj", "{43A8B009-CA64-4D25-845A-FE2A53890FBC}"
EndProject
Project("{FAE04EC0-301F-11D3-BF4B-00C04F79EFBC}") = "RollbarSharp.Tests", "RollbarSharp.Tests\RollbarSharp.Tests.csproj", "{898D9D95-D956-4284-82D5-6BFDBFDE14EB}"
EndProject
Project("{FAE04EC0-301F-11D3-BF4B-00C04F79EFBC}") = "RollbarSharp.Mvc4Test", "RollbarSharp.Mvc4Test\RollbarSharp.Mvc4Test.csproj", "{18636614-E998-4A78-86A4-37BFA9300F8E}"
EndProject
Global
	GlobalSection(SolutionConfigurationPlatforms) = preSolution
		Debug|Any CPU = Debug|Any CPU
		Release|Any CPU = Release|Any CPU
	EndGlobalSection
	GlobalSection(ProjectConfigurationPlatforms) = postSolution
		{43A8B009-CA64-4D25-845A-FE2A53890FBC}.Debug|Any CPU.ActiveCfg = Debug|Any CPU
		{43A8B009-CA64-4D25-845A-FE2A53890FBC}.Debug|Any CPU.Build.0 = Debug|Any CPU
		{43A8B009-CA64-4D25-845A-FE2A53890FBC}.Release|Any CPU.ActiveCfg = Release|Any CPU
		{43A8B009-CA64-4D25-845A-FE2A53890FBC}.Release|Any CPU.Build.0 = Release|Any CPU
		{898D9D95-D956-4284-82D5-6BFDBFDE14EB}.Debug|Any CPU.ActiveCfg = Debug|Any CPU
		{898D9D95-D956-4284-82D5-6BFDBFDE14EB}.Debug|Any CPU.Build.0 = Debug|Any CPU
		{898D9D95-D956-4284-82D5-6BFDBFDE14EB}.Release|Any CPU.ActiveCfg = Release|Any CPU
		{898D9D95-D956-4284-82D5-6BFDBFDE14EB}.Release|Any CPU.Build.0 = Release|Any CPU
		{18636614-E998-4A78-86A4-37BFA9300F8E}.Debug|Any CPU.ActiveCfg = Debug|Any CPU
		{18636614-E998-4A78-86A4-37BFA9300F8E}.Debug|Any CPU.Build.0 = Debug|Any CPU
		{18636614-E998-4A78-86A4-37BFA9300F8E}.Release|Any CPU.ActiveCfg = Release|Any CPU
		{18636614-E998-4A78-86A4-37BFA9300F8E}.Release|Any CPU.Build.0 = Release|Any CPU
	EndGlobalSection
	GlobalSection(SolutionProperties) = preSolution
		HideSolutionNode = FALSE
	EndGlobalSection
EndGlobal
